
Microsoft Visual Studio Solution File, Format Version 12.00
# Visual Studio 2017
Project("{FAE04EC0-301F-11D3-BF4B-00C04F79EFBC}") = "Cyberpank", "Cyberpank.csproj", "{462FB031-F926-3B6B-A531-2202E748467F}"
EndProject
Project("{FAE04EC0-301F-11D3-BF4B-00C04F79EFBC}") = "Cyberpank.Editor.Plugins", "Cyberpank.Editor.Plugins.csproj", "{2B807A5E-7482-5F66-17A8-2262AFBA495B}"
EndProject
Global
	GlobalSection(SolutionConfigurationPlatforms) = preSolution
		Debug|Any CPU = Debug|Any CPU
		Release|Any CPU = Release|Any CPU
	EndGlobalSection
	GlobalSection(ProjectConfigurationPlatforms) = postSolution
		{462FB031-F926-3B6B-A531-2202E748467F}.Debug|Any CPU.ActiveCfg = Debug|Any CPU
		{462FB031-F926-3B6B-A531-2202E748467F}.Debug|Any CPU.Build.0 = Debug|Any CPU
		{462FB031-F926-3B6B-A531-2202E748467F}.Release|Any CPU.ActiveCfg = Release|Any CPU
		{462FB031-F926-3B6B-A531-2202E748467F}.Release|Any CPU.Build.0 = Release|Any CPU
		{2B807A5E-7482-5F66-17A8-2262AFBA495B}.Debug|Any CPU.ActiveCfg = Debug|Any CPU
		{2B807A5E-7482-5F66-17A8-2262AFBA495B}.Debug|Any CPU.Build.0 = Debug|Any CPU
		{2B807A5E-7482-5F66-17A8-2262AFBA495B}.Release|Any CPU.ActiveCfg = Release|Any CPU
		{2B807A5E-7482-5F66-17A8-2262AFBA495B}.Release|Any CPU.Build.0 = Release|Any CPU
	EndGlobalSection
	GlobalSection(SolutionProperties) = preSolution
		HideSolutionNode = FALSE
	EndGlobalSection
EndGlobal
