Microsoft Visual Studio Solution File, Format Version 11.00
# Visual Studio 2010
Project("{E097FAD1-6243-4DAD-9C02-E9B9EFC3FFC1}") = "Assembly-CSharp", "Assembly-CSharp.csproj", "{B8B4C181-2E13-89EA-9664-D1D10F46E6DB}"
EndProject
Project("{E097FAD1-6243-4DAD-9C02-E9B9EFC3FFC1}") = "Assembly-CSharp-Editor-firstpass", "Assembly-CSharp-Editor-firstpass.csproj", "{81E69659-1C73-2C39-34B0-934AE8093BDF}"
EndProject
Global
	GlobalSection(SolutionConfigurationPlatforms) = preSolution
		Debug|Any CPU = Debug|Any CPU
		Release|Any CPU = Release|Any CPU
	EndGlobalSection
	GlobalSection(ProjectConfigurationPlatforms) = postSolution
		{B8B4C181-2E13-89EA-9664-D1D10F46E6DB}.Debug|Any CPU.ActiveCfg = Debug|Any CPU
		{B8B4C181-2E13-89EA-9664-D1D10F46E6DB}.Debug|Any CPU.Build.0 = Debug|Any CPU
		{B8B4C181-2E13-89EA-9664-D1D10F46E6DB}.Release|Any CPU.ActiveCfg = Release|Any CPU
		{B8B4C181-2E13-89EA-9664-D1D10F46E6DB}.Release|Any CPU.Build.0 = Release|Any CPU
		{81E69659-1C73-2C39-34B0-934AE8093BDF}.Debug|Any CPU.ActiveCfg = Debug|Any CPU
		{81E69659-1C73-2C39-34B0-934AE8093BDF}.Debug|Any CPU.Build.0 = Debug|Any CPU
		{81E69659-1C73-2C39-34B0-934AE8093BDF}.Release|Any CPU.ActiveCfg = Release|Any CPU
		{81E69659-1C73-2C39-34B0-934AE8093BDF}.Release|Any CPU.Build.0 = Release|Any CPU
	EndGlobalSection
	GlobalSection(SolutionProperties) = preSolution
		HideSolutionNode = FALSE
	EndGlobalSection
	GlobalSection(MonoDevelopProperties) = preSolution
		StartupItem = Assembly-CSharp.csproj
	EndGlobalSection
EndGlobal
